github.com/muhamademan/go-module-say v1.0.0 h1:3K2KTIuRNuzpVwcE+pmM5Z25JDXqnth9tuxxSx5IGj8=
github.com/muhamademan/go-module-say v1.0.0/go.mod h1:Rq1zyGWvv2Ae0jx4rwxFf7prTT1AwueIRqDN66bzlck=
github.com/muhamademan/go-module-say v1.1.0 h1:LxwMcm5ynLAuN0bxMD9za/zTwFTPUkHKCXPMB4iKho0=
github.com/muhamademan/go-module-say v1.1.0/go.mod h1:Rq1zyGWvv2Ae0jx4rwxFf7prTT1AwueIRqDN66bzlck=
